
Microsoft Visual Studio Solution File, Format Version 12.00
# Visual Studio 15
VisualStudioVersion = 15.0.27130.2024
MinimumVisualStudioVersion = 10.0.40219.1
Project("{8BC9CEB8-8B4A-11D0-8D11-00A0C91BC942}") = "Asiana Universalis", "Asiana Universalis\Asiana Universalis.vcxproj", "{0420768F-2EA7-423B-8D99-C85513503ACB}"
EndProject
Global
	GlobalSection(SolutionConfigurationPlatforms) = preSolution
		Debug|x64 = Debug|x64
		Debug|x86 = Debug|x86
		Release|x64 = Release|x64
		Release|x86 = Release|x86
	EndGlobalSection
	GlobalSection(ProjectConfigurationPlatforms) = postSolution
		{0420768F-2EA7-423B-8D99-C85513503ACB}.Debug|x64.ActiveCfg = Debug|x64
		{0420768F-2EA7-423B-8D99-C85513503ACB}.Debug|x64.Build.0 = Debug|x64
		{0420768F-2EA7-423B-8D99-C85513503ACB}.Debug|x86.ActiveCfg = Debug|Win32
		{0420768F-2EA7-423B-8D99-C85513503ACB}.Debug|x86.Build.0 = Debug|Win32
		{0420768F-2EA7-423B-8D99-C85513503ACB}.Release|x64.ActiveCfg = Release|x64
		{0420768F-2EA7-423B-8D99-C85513503ACB}.Release|x64.Build.0 = Release|x64
		{0420768F-2EA7-423B-8D99-C85513503ACB}.Release|x86.ActiveCfg = Release|Win32
		{0420768F-2EA7-423B-8D99-C85513503ACB}.Release|x86.Build.0 = Release|Win32
	EndGlobalSection
	GlobalSection(SolutionProperties) = preSolution
		HideSolutionNode = FALSE
	EndGlobalSection
	GlobalSection(ExtensibilityGlobals) = postSolution
		SolutionGuid = {7E55E08C-BC41-48B4-A06F-51A1FCF42A36}
	EndGlobalSection
EndGlobal
